
Microsoft Visual Studio Solution File, Format Version 12.00
# Visual Studio Version 16
VisualStudioVersion = 16.0.32228.343
MinimumVisualStudioVersion = 10.0.40219.1
Project("{FAE04EC0-301F-11D3-BF4B-00C04F79EFBC}") = "Datos", "Datos\Datos.csproj", "{27683982-5E2C-441A-AB5B-7EBD277D685F}"
EndProject
Project("{FAE04EC0-301F-11D3-BF4B-00C04F79EFBC}") = "Negocio", "Negocio\Negocio.csproj", "{8932DDE0-2273-472E-8449-E4B53959CE0C}"
EndProject
Project("{FAE04EC0-301F-11D3-BF4B-00C04F79EFBC}") = "Presentacion", "Presentacion\Presentacion.csproj", "{011AE8D0-5777-4BC4-B358-3DBDB90AD331}"
EndProject
Global
	GlobalSection(SolutionConfigurationPlatforms) = preSolution
		Debug|Any CPU = Debug|Any CPU
		Release|Any CPU = Release|Any CPU
	EndGlobalSection
	GlobalSection(ProjectConfigurationPlatforms) = postSolution
		{27683982-5E2C-441A-AB5B-7EBD277D685F}.Debug|Any CPU.ActiveCfg = Debug|Any CPU
		{27683982-5E2C-441A-AB5B-7EBD277D685F}.Debug|Any CPU.Build.0 = Debug|Any CPU
		{27683982-5E2C-441A-AB5B-7EBD277D685F}.Release|Any CPU.ActiveCfg = Release|Any CPU
		{27683982-5E2C-441A-AB5B-7EBD277D685F}.Release|Any CPU.Build.0 = Release|Any CPU
		{8932DDE0-2273-472E-8449-E4B53959CE0C}.Debug|Any CPU.ActiveCfg = Debug|Any CPU
		{8932DDE0-2273-472E-8449-E4B53959CE0C}.Debug|Any CPU.Build.0 = Debug|Any CPU
		{8932DDE0-2273-472E-8449-E4B53959CE0C}.Release|Any CPU.ActiveCfg = Release|Any CPU
		{8932DDE0-2273-472E-8449-E4B53959CE0C}.Release|Any CPU.Build.0 = Release|Any CPU
		{011AE8D0-5777-4BC4-B358-3DBDB90AD331}.Debug|Any CPU.ActiveCfg = Debug|Any CPU
		{011AE8D0-5777-4BC4-B358-3DBDB90AD331}.Debug|Any CPU.Build.0 = Debug|Any CPU
		{011AE8D0-5777-4BC4-B358-3DBDB90AD331}.Release|Any CPU.ActiveCfg = Release|Any CPU
		{011AE8D0-5777-4BC4-B358-3DBDB90AD331}.Release|Any CPU.Build.0 = Release|Any CPU
	EndGlobalSection
	GlobalSection(SolutionProperties) = preSolution
		HideSolutionNode = FALSE
	EndGlobalSection
	GlobalSection(ExtensibilityGlobals) = postSolution
		SolutionGuid = {339DB0B8-9D01-49BC-8161-60DF72D6F66D}
	EndGlobalSection
EndGlobal
