
Microsoft Visual Studio Solution File, Format Version 12.00
# Visual Studio Version 16
VisualStudioVersion = 16.0.32228.343
MinimumVisualStudioVersion = 10.0.40219.1
Project("{FAE04EC0-301F-11D3-BF4B-00C04F79EFBC}") = "Laboratorio09", "Laboratorio09.csproj", "{1C276610-BB4F-4877-9041-08C01802CF95}"
EndProject
Global
	GlobalSection(SolutionConfigurationPlatforms) = preSolution
		Debug|Any CPU = Debug|Any CPU
		Release|Any CPU = Release|Any CPU
	EndGlobalSection
	GlobalSection(ProjectConfigurationPlatforms) = postSolution
		{1C276610-BB4F-4877-9041-08C01802CF95}.Debug|Any CPU.ActiveCfg = Debug|Any CPU
		{1C276610-BB4F-4877-9041-08C01802CF95}.Debug|Any CPU.Build.0 = Debug|Any CPU
		{1C276610-BB4F-4877-9041-08C01802CF95}.Release|Any CPU.ActiveCfg = Release|Any CPU
		{1C276610-BB4F-4877-9041-08C01802CF95}.Release|Any CPU.Build.0 = Release|Any CPU
	EndGlobalSection
	GlobalSection(SolutionProperties) = preSolution
		HideSolutionNode = FALSE
	EndGlobalSection
	GlobalSection(ExtensibilityGlobals) = postSolution
		SolutionGuid = {E701014A-22FA-4B7A-ADD4-18C4F1ECB3FC}
	EndGlobalSection
EndGlobal
