
Microsoft Visual Studio Solution File, Format Version 12.00
# Visual Studio Version 16
VisualStudioVersion = 16.0.32228.343
MinimumVisualStudioVersion = 10.0.40219.1
Project("{FAE04EC0-301F-11D3-BF4B-00C04F79EFBC}") = "Lab05", "Lab05.csproj", "{F77515D2-049D-4935-AE80-64F8F3ECEF63}"
EndProject
Global
	GlobalSection(SolutionConfigurationPlatforms) = preSolution
		Debug|Any CPU = Debug|Any CPU
		Release|Any CPU = Release|Any CPU
	EndGlobalSection
	GlobalSection(ProjectConfigurationPlatforms) = postSolution
		{F77515D2-049D-4935-AE80-64F8F3ECEF63}.Debug|Any CPU.ActiveCfg = Debug|Any CPU
		{F77515D2-049D-4935-AE80-64F8F3ECEF63}.Debug|Any CPU.Build.0 = Debug|Any CPU
		{F77515D2-049D-4935-AE80-64F8F3ECEF63}.Release|Any CPU.ActiveCfg = Release|Any CPU
		{F77515D2-049D-4935-AE80-64F8F3ECEF63}.Release|Any CPU.Build.0 = Release|Any CPU
	EndGlobalSection
	GlobalSection(SolutionProperties) = preSolution
		HideSolutionNode = FALSE
	EndGlobalSection
	GlobalSection(ExtensibilityGlobals) = postSolution
		SolutionGuid = {DC4325B2-6109-4668-BAE3-79C95B3C0994}
	EndGlobalSection
EndGlobal
